PODS:
  - leetal-HGPlaceholders (0.4.0)

DEPENDENCIES:
  - leetal-HGPlaceholders (from `../`)

EXTERNAL SOURCES:
  leetal-HGPlaceholders:
    :path: "../"

SPEC CHECKSUMS:
  leetal-HGPlaceholders: af2961b0a1795555c2d01f51483c619b6e92571d

PODFILE CHECKSUM: d3eda16ea5d86824c403046ef478f8c9c12dda4c

COCOAPODS: 1.5.3
